// !$*UTF8*$!
{
	archiveVersion = 1;
	classes = {
	};
	objectVersion = 46;
	objects = {

/* Begin PBXBuildFile section */
		D01F97AB1B5FE8D7007A7841 /* sixthInterfaceController.swift in Sources */ = {isa = PBXBuildFile; fileRef = D01F97AA1B5FE8D7007A7841 /* sixthInterfaceController.swift */; };
		D01F97AD1B5FECCC007A7841 /* AttTableViewController.swift in Sources */ = {isa = PBXBuildFile; fileRef = D01F97AC1B5FECCC007A7841 /* AttTableViewController.swift */; };
		D01F97AF1B60358E007A7841 /* resultsViewController.swift in Sources */ = {isa = PBXBuildFile; fileRef = D01F97AE1B60358E007A7841 /* resultsViewController.swift */; };
		D029C57E1B6276290002CCD3 /* ActivityViewController.swift in Sources */ = {isa = PBXBuildFile; fileRef = D029C57D1B6276290002CCD3 /* ActivityViewController.swift */; };
		D029C5811B6294C70002CCD3 /* Activity.swift in Sources */ = {isa = PBXBuildFile; fileRef = D029C5801B6294C70002CCD3 /* Activity.swift */; };
		D029C5831B62CCE10002CCD3 /* ActivitiesTableViewController.swift in Sources */ = {isa = PBXBuildFile; fileRef = D029C5821B62CCE10002CCD3 /* ActivitiesTableViewController.swift */; };
		D05920751B5EC11D002CCAC5 /* AppDelegate.swift in Sources */ = {isa = PBXBuildFile; fileRef = D05920741B5EC11D002CCAC5 /* AppDelegate.swift */; };
		D05920781B5EC11D002CCAC5 /* thirdSurvey.xcdatamodeld in Sources */ = {isa = PBXBuildFile; fileRef = D05920761B5EC11D002CCAC5 /* thirdSurvey.xcdatamodeld */; };
		D059207A1B5EC11D002CCAC5 /* ViewController.swift in Sources */ = {isa = PBXBuildFile; fileRef = D05920791B5EC11D002CCAC5 /* ViewController.swift */; };
		D059207D1B5EC11D002CCAC5 /* Main.storyboard in Resources */ = {isa = PBXBuildFile; fileRef = D059207B1B5EC11D002CCAC5 /* Main.storyboard */; };
		D059207F1B5EC11D002CCAC5 /* Images.xcassets in Resources */ = {isa = PBXBuildFile; fileRef = D059207E1B5EC11D002CCAC5 /* Images.xcassets */; };
		D05920821B5EC11D002CCAC5 /* LaunchScreen.xib in Resources */ = {isa = PBXBuildFile; fileRef = D05920801B5EC11D002CCAC5 /* LaunchScreen.xib */; };
		D059208E1B5EC11D002CCAC5 /* thirdSurveyTests.swift in Sources */ = {isa = PBXBuildFile; fileRef = D059208D1B5EC11D002CCAC5 /* thirdSurveyTests.swift */; };
		D05920A31B5EC1E2002CCAC5 /* NotificationController.swift in Sources */ = {isa = PBXBuildFile; fileRef = D05920A21B5EC1E2002CCAC5 /* NotificationController.swift */; };
		D05920A51B5EC1E2002CCAC5 /* GlanceController.swift in Sources */ = {isa = PBXBuildFile; fileRef = D05920A41B5EC1E2002CCAC5 /* GlanceController.swift */; };
		D05920A71B5EC1E2002CCAC5 /* Images.xcassets in Resources */ = {isa = PBXBuildFile; fileRef = D05920A61B5EC1E2002CCAC5 /* Images.xcassets */; };
		D05920AB1B5EC1E2002CCAC5 /* thirdSurvey WatchKit App.app in Resources */ = {isa = PBXBuildFile; fileRef = D05920AA1B5EC1E2002CCAC5 /* thirdSurvey WatchKit App.app */; };
		D05920B31B5EC1E2002CCAC5 /* Interface.storyboard in Resources */ = {isa = PBXBuildFile; fileRef = D05920B11B5EC1E2002CCAC5 /* Interface.storyboard */; };
		D05920B51B5EC1E2002CCAC5 /* Images.xcassets in Resources */ = {isa = PBXBuildFile; fileRef = D05920B41B5EC1E2002CCAC5 /* Images.xcassets */; };
		D05920B81B5EC1E2002CCAC5 /* thirdSurvey WatchKit Extension.appex in Embed App Extensions */ = {isa = PBXBuildFile; fileRef = D059209B1B5EC1E2002CCAC5 /* thirdSurvey WatchKit Extension.appex */; settings = {ATTRIBUTES = (RemoveHeadersOnCopy, ); }; };
		D05920C11B5EC203002CCAC5 /* UCBEmployee.swift in Sources */ = {isa = PBXBuildFile; fileRef = D05920C01B5EC203002CCAC5 /* UCBEmployee.swift */; };
		D05920C31B5EC211002CCAC5 /* Session.swift in Sources */ = {isa = PBXBuildFile; fileRef = D05920C21B5EC211002CCAC5 /* Session.swift */; };
		D05920C51B5EC6E2002CCAC5 /* MeetingChoiceController.swift in Sources */ = {isa = PBXBuildFile; fileRef = D05920C41B5EC6E2002CCAC5 /* MeetingChoiceController.swift */; };
		D05920C71B5ECAD0002CCAC5 /* MeetingConfirmationController.swift in Sources */ = {isa = PBXBuildFile; fileRef = D05920C61B5ECAD0002CCAC5 /* MeetingConfirmationController.swift */; };
		D05E80FA1B5ED6E400A80D3C /* PresenterViewController.swift in Sources */ = {isa = PBXBuildFile; fileRef = D05E80F91B5ED6E400A80D3C /* PresenterViewController.swift */; };
		D05E80FC1B5EE68600A80D3C /* AtendeeViewController.swift in Sources */ = {isa = PBXBuildFile; fileRef = D05E80FB1B5EE68600A80D3C /* AtendeeViewController.swift */; };
		D05E80FE1B5FDE8E00A80D3C /* firstInterfaceController.swift in Sources */ = {isa = PBXBuildFile; fileRef = D05E80FD1B5FDE8E00A80D3C /* firstInterfaceController.swift */; };
		D05E81001B5FDE9500A80D3C /* secondInterfaceController.swift in Sources */ = {isa = PBXBuildFile; fileRef = D05E80FF1B5FDE9500A80D3C /* secondInterfaceController.swift */; };
		D05E81021B5FDE9D00A80D3C /* thirdInterfaceController.swift in Sources */ = {isa = PBXBuildFile; fileRef = D05E81011B5FDE9D00A80D3C /* thirdInterfaceController.swift */; };
		D05E81041B5FDEA400A80D3C /* fourthInterfaceController.swift in Sources */ = {isa = PBXBuildFile; fileRef = D05E81031B5FDEA400A80D3C /* fourthInterfaceController.swift */; };
		D05E81061B5FDED000A80D3C /* fifthInterfaceController.swift in Sources */ = {isa = PBXBuildFile; fileRef = D05E81051B5FDED000A80D3C /* fifthInterfaceController.swift */; };
		D05E81081B5FDEEF00A80D3C /* sendables.swift in Sources */ = {isa = PBXBuildFile; fileRef = D05E81071B5FDEEF00A80D3C /* sendables.swift */; };
		D0C094E11B6133F000367D60 /* Results.swift in Sources */ = {isa = PBXBuildFile; fileRef = D0C094E01B6133F000367D60 /* Results.swift */; };
		D0C094E31B6165BA00367D60 /* emojis.swift in Sources */ = {isa = PBXBuildFile; fileRef = D0C094E21B6165BA00367D60 /* emojis.swift */; };
/* End PBXBuildFile section */

/* Begin PBXContainerItemProxy section */
		D05920881B5EC11D002CCAC5 /* PBXContainerItemProxy */ = {
			isa = PBXContainerItemProxy;
			containerPortal = D05920671B5EC11D002CCAC5 /* Project object */;
			proxyType = 1;
			remoteGlobalIDString = D059206E1B5EC11D002CCAC5;
			remoteInfo = thirdSurvey;
		};
		D05920AC1B5EC1E2002CCAC5 /* PBXContainerItemProxy */ = {
			isa = PBXContainerItemProxy;
			containerPortal = D05920671B5EC11D002CCAC5 /* Project object */;
			proxyType = 1;
			remoteGlobalIDString = D05920A91B5EC1E2002CCAC5;
			remoteInfo = "thirdSurvey WatchKit App";
		};
		D05920B61B5EC1E2002CCAC5 /* PBXContainerItemProxy */ = {
			isa = PBXContainerItemProxy;
			containerPortal = D05920671B5EC11D002CCAC5 /* Project object */;
			proxyType = 1;
			remoteGlobalIDString = D059209A1B5EC1E2002CCAC5;
			remoteInfo = "thirdSurvey WatchKit Extension";
		};
/* End PBXContainerItemProxy section */

/* Begin PBXCopyFilesBuildPhase section */
		D05920BF1B5EC1E2002CCAC5 /* Embed App Extensions */ = {
			isa = PBXCopyFilesBuildPhase;
			buildActionMask = 2147483647;
			dstPath = "";
			dstSubfolderSpec = 13;
			files = (
				D05920B81B5EC1E2002CCAC5 /* thirdSurvey WatchKit Extension.appex in Embed App Extensions */,
			);
			name = "Embed App Extensions";
			runOnlyForDeploymentPostprocessing = 0;
		};
/* End PBXCopyFilesBuildPhase section */

/* Begin PBXFileReference section */
		D01F97AA1B5FE8D7007A7841 /* sixthInterfaceController.swift */ = {isa = PBXFileReference; fileEncoding = 4; lastKnownFileType = sourcecode.swift; path = sixthInterfaceController.swift; sourceTree = "<group>"; };
		D01F97AC1B5FECCC007A7841 /* AttTableViewController.swift */ = {isa = PBXFileReference; fileEncoding = 4; lastKnownFileType = sourcecode.swift; path = AttTableViewController.swift; sourceTree = "<group>"; };
		D01F97AE1B60358E007A7841 /* resultsViewController.swift */ = {isa = PBXFileReference; fileEncoding = 4; lastKnownFileType = sourcecode.swift; path = resultsViewController.swift; sourceTree = "<group>"; };
		D029C57D1B6276290002CCD3 /* ActivityViewController.swift */ = {isa = PBXFileReference; fileEncoding = 4; lastKnownFileType = sourcecode.swift; path = ActivityViewController.swift; sourceTree = "<group>"; };
		D029C57F1B6286BC0002CCD3 /* thirdSurvey WatchKit Extension.entitlements */ = {isa = PBXFileReference; lastKnownFileType = text.xml; path = "thirdSurvey WatchKit Extension.entitlements"; sourceTree = "<group>"; };
		D029C5801B6294C70002CCD3 /* Activity.swift */ = {isa = PBXFileReference; fileEncoding = 4; lastKnownFileType = sourcecode.swift; path = Activity.swift; sourceTree = "<group>"; };
		D029C5821B62CCE10002CCD3 /* ActivitiesTableViewController.swift */ = {isa = PBXFileReference; fileEncoding = 4; lastKnownFileType = sourcecode.swift; path = ActivitiesTableViewController.swift; sourceTree = "<group>"; };
		D059206F1B5EC11D002CCAC5 /* thirdSurvey.app */ = {isa = PBXFileReference; explicitFileType = wrapper.application; includeInIndex = 0; path = thirdSurvey.app; sourceTree = BUILT_PRODUCTS_DIR; };
		D05920731B5EC11D002CCAC5 /* Info.plist */ = {isa = PBXFileReference; lastKnownFileType = text.plist.xml; path = Info.plist; sourceTree = "<group>"; };
		D05920741B5EC11D002CCAC5 /* AppDelegate.swift */ = {isa = PBXFileReference; lastKnownFileType = sourcecode.swift; path = AppDelegate.swift; sourceTree = "<group>"; };
		D05920771B5EC11D002CCAC5 /* thirdSurvey.xcdatamodel */ = {isa = PBXFileReference; lastKnownFileType = wrapper.xcdatamodel; path = thirdSurvey.xcdatamodel; sourceTree = "<group>"; };
		D05920791B5EC11D002CCAC5 /* ViewController.swift */ = {isa = PBXFileReference; lastKnownFileType = sourcecode.swift; path = ViewController.swift; sourceTree = "<group>"; };
		D059207C1B5EC11D002CCAC5 /* Base */ = {isa = PBXFileReference; lastKnownFileType = file.storyboard; name = Base; path = Base.lproj/Main.storyboard; sourceTree = "<group>"; };
		D059207E1B5EC11D002CCAC5 /* Images.xcassets */ = {isa = PBXFileReference; lastKnownFileType = folder.assetcatalog; path = Images.xcassets; sourceTree = "<group>"; };
		D05920811B5EC11D002CCAC5 /* Base */ = {isa = PBXFileReference; lastKnownFileType = file.xib; name = Base; path = Base.lproj/LaunchScreen.xib; sourceTree = "<group>"; };
		D05920871B5EC11D002CCAC5 /* thirdSurveyTests.xctest */ = {isa = PBXFileReference; explicitFileType = wrapper.cfbundle; includeInIndex = 0; path = thirdSurveyTests.xctest; sourceTree = BUILT_PRODUCTS_DIR; };
		D059208C1B5EC11D002CCAC5 /* Info.plist */ = {isa = PBXFileReference; lastKnownFileType = text.plist.xml; path = Info.plist; sourceTree = "<group>"; };
		D059208D1B5EC11D002CCAC5 /* thirdSurveyTests.swift */ = {isa = PBXFileReference; lastKnownFileType = sourcecode.swift; path = thirdSurveyTests.swift; sourceTree = "<group>"; };
		D059209B1B5EC1E2002CCAC5 /* thirdSurvey WatchKit Extension.appex */ = {isa = PBXFileReference; explicitFileType = "wrapper.app-extension"; includeInIndex = 0; path = "thirdSurvey WatchKit Extension.appex"; sourceTree = BUILT_PRODUCTS_DIR; };
		D059209E1B5EC1E2002CCAC5 /* Info.plist */ = {isa = PBXFileReference; lastKnownFileType = text.plist.xml; path = Info.plist; sourceTree = "<group>"; };
		D059209F1B5EC1E2002CCAC5 /* PushNotificationPayload.apns */ = {isa = PBXFileReference; lastKnownFileType = text; path = PushNotificationPayload.apns; sourceTree = "<group>"; };
		D05920A21B5EC1E2002CCAC5 /* NotificationController.swift */ = {isa = PBXFileReference; lastKnownFileType = sourcecode.swift; path = NotificationController.swift; sourceTree = "<group>"; };
		D05920A41B5EC1E2002CCAC5 /* GlanceController.swift */ = {isa = PBXFileReference; lastKnownFileType = sourcecode.swift; path = GlanceController.swift; sourceTree = "<group>"; };
		D05920A61B5EC1E2002CCAC5 /* Images.xcassets */ = {isa = PBXFileReference; lastKnownFileType = folder.assetcatalog; path = Images.xcassets; sourceTree = "<group>"; };
		D05920AA1B5EC1E2002CCAC5 /* thirdSurvey WatchKit App.app */ = {isa = PBXFileReference; explicitFileType = wrapper.application; includeInIndex = 0; path = "thirdSurvey WatchKit App.app"; sourceTree = BUILT_PRODUCTS_DIR; };
		D05920B01B5EC1E2002CCAC5 /* Info.plist */ = {isa = PBXFileReference; lastKnownFileType = text.plist.xml; path = Info.plist; sourceTree = "<group>"; };
		D05920B21B5EC1E2002CCAC5 /* Base */ = {isa = PBXFileReference; lastKnownFileType = file.storyboard; name = Base; path = Base.lproj/Interface.storyboard; sourceTree = "<group>"; };
		D05920B41B5EC1E2002CCAC5 /* Images.xcassets */ = {isa = PBXFileReference; lastKnownFileType = folder.assetcatalog; path = Images.xcassets; sourceTree = "<group>"; };
		D05920C01B5EC203002CCAC5 /* UCBEmployee.swift */ = {isa = PBXFileReference; fileEncoding = 4; lastKnownFileType = sourcecode.swift; path = UCBEmployee.swift; sourceTree = "<group>"; };
		D05920C21B5EC211002CCAC5 /* Session.swift */ = {isa = PBXFileReference; fileEncoding = 4; lastKnownFileType = sourcecode.swift; path = Session.swift; sourceTree = "<group>"; };
		D05920C41B5EC6E2002CCAC5 /* MeetingChoiceController.swift */ = {isa = PBXFileReference; fileEncoding = 4; lastKnownFileType = sourcecode.swift; path = MeetingChoiceController.swift; sourceTree = "<group>"; };
		D05920C61B5ECAD0002CCAC5 /* MeetingConfirmationController.swift */ = {isa = PBXFileReference; fileEncoding = 4; lastKnownFileType = sourcecode.swift; path = MeetingConfirmationController.swift; sourceTree = "<group>"; };
		D05E80F91B5ED6E400A80D3C /* PresenterViewController.swift */ = {isa = PBXFileReference; fileEncoding = 4; lastKnownFileType = sourcecode.swift; path = PresenterViewController.swift; sourceTree = "<group>"; };
		D05E80FB1B5EE68600A80D3C /* AtendeeViewController.swift */ = {isa = PBXFileReference; fileEncoding = 4; lastKnownFileType = sourcecode.swift; path = AtendeeViewController.swift; sourceTree = "<group>"; };
		D05E80FD1B5FDE8E00A80D3C /* firstInterfaceController.swift */ = {isa = PBXFileReference; fileEncoding = 4; lastKnownFileType = sourcecode.swift; path = firstInterfaceController.swift; sourceTree = "<group>"; };
		D05E80FF1B5FDE9500A80D3C /* secondInterfaceController.swift */ = {isa = PBXFileReference; fileEncoding = 4; lastKnownFileType = sourcecode.swift; path = secondInterfaceController.swift; sourceTree = "<group>"; };
		D05E81011B5FDE9D00A80D3C /* thirdInterfaceController.swift */ = {isa = PBXFileReference; fileEncoding = 4; lastKnownFileType = sourcecode.swift; path = thirdInterfaceController.swift; sourceTree = "<group>"; };
		D05E81031B5FDEA400A80D3C /* fourthInterfaceController.swift */ = {isa = PBXFileReference; fileEncoding = 4; lastKnownFileType = sourcecode.swift; path = fourthInterfaceController.swift; sourceTree = "<group>"; };
		D05E81051B5FDED000A80D3C /* fifthInterfaceController.swift */ = {isa = PBXFileReference; fileEncoding = 4; lastKnownFileType = sourcecode.swift; path = fifthInterfaceController.swift; sourceTree = "<group>"; };
		D05E81071B5FDEEF00A80D3C /* sendables.swift */ = {isa = PBXFileReference; fileEncoding = 4; lastKnownFileType = sourcecode.swift; path = sendables.swift; sourceTree = "<group>"; };
		D0C094E01B6133F000367D60 /* Results.swift */ = {isa = PBXFileReference; fileEncoding = 4; lastKnownFileType = sourcecode.swift; path = Results.swift; sourceTree = "<group>"; };
		D0C094E21B6165BA00367D60 /* emojis.swift */ = {isa = PBXFileReference; fileEncoding = 4; lastKnownFileType = sourcecode.swift; path = emojis.swift; sourceTree = "<group>"; };
		D0C094E61B616D0000367D60 /* thirdSurvey.entitlements */ = {isa = PBXFileReference; lastKnownFileType = text.xml; path = thirdSurvey.entitlements; sourceTree = "<group>"; };
/* End PBXFileReference section */

/* Begin PBXFrameworksBuildPhase section */
		D059206C1B5EC11D002CCAC5 /* Frameworks */ = {
			isa = PBXFrameworksBuildPhase;
			buildActionMask = 2147483647;
			files = (
			);
			runOnlyForDeploymentPostprocessing = 0;
		};
		D05920841B5EC11D002CCAC5 /* Frameworks */ = {
			isa = PBXFrameworksBuildPhase;
			buildActionMask = 2147483647;
			files = (
			);
			runOnlyForDeploymentPostprocessing = 0;
		};
		D05920981B5EC1E2002CCAC5 /* Frameworks */ = {
			isa = PBXFrameworksBuildPhase;
			buildActionMask = 2147483647;
			files = (
			);
			runOnlyForDeploymentPostprocessing = 0;
		};
/* End PBXFrameworksBuildPhase section */

/* Begin PBXGroup section */
		D05920661B5EC11D002CCAC5 = {
			isa = PBXGroup;
			children = (
				D05920711B5EC11D002CCAC5 /* thirdSurvey */,
				D059208A1B5EC11D002CCAC5 /* thirdSurveyTests */,
				D059209C1B5EC1E2002CCAC5 /* thirdSurvey WatchKit Extension */,
				D05920AE1B5EC1E2002CCAC5 /* thirdSurvey WatchKit App */,
				D05920701B5EC11D002CCAC5 /* Products */,
			);
			sourceTree = "<group>";
		};
		D05920701B5EC11D002CCAC5 /* Products */ = {
			isa = PBXGroup;
			children = (
				D059206F1B5EC11D002CCAC5 /* thirdSurvey.app */,
				D05920871B5EC11D002CCAC5 /* thirdSurveyTests.xctest */,
				D059209B1B5EC1E2002CCAC5 /* thirdSurvey WatchKit Extension.appex */,
				D05920AA1B5EC1E2002CCAC5 /* thirdSurvey WatchKit App.app */,
			);
			name = Products;
			sourceTree = "<group>";
		};
		D05920711B5EC11D002CCAC5 /* thirdSurvey */ = {
			isa = PBXGroup;
			children = (
				D0C094E61B616D0000367D60 /* thirdSurvey.entitlements */,
				D05920741B5EC11D002CCAC5 /* AppDelegate.swift */,
				D05920C21B5EC211002CCAC5 /* Session.swift */,
				D05920791B5EC11D002CCAC5 /* ViewController.swift */,
				D029C57D1B6276290002CCD3 /* ActivityViewController.swift */,
				D05E80F91B5ED6E400A80D3C /* PresenterViewController.swift */,
				D029C5821B62CCE10002CCD3 /* ActivitiesTableViewController.swift */,
				D01F97AC1B5FECCC007A7841 /* AttTableViewController.swift */,
				D0C094E01B6133F000367D60 /* Results.swift */,
				D05E80FB1B5EE68600A80D3C /* AtendeeViewController.swift */,
				D05920C01B5EC203002CCAC5 /* UCBEmployee.swift */,
				D029C5801B6294C70002CCD3 /* Activity.swift */,
				D01F97AE1B60358E007A7841 /* resultsViewController.swift */,
				D05920C41B5EC6E2002CCAC5 /* MeetingChoiceController.swift */,
				D05920C61B5ECAD0002CCAC5 /* MeetingConfirmationController.swift */,
				D059207B1B5EC11D002CCAC5 /* Main.storyboard */,
				D059207E1B5EC11D002CCAC5 /* Images.xcassets */,
				D05920801B5EC11D002CCAC5 /* LaunchScreen.xib */,
				D05920761B5EC11D002CCAC5 /* thirdSurvey.xcdatamodeld */,
				D05920721B5EC11D002CCAC5 /* Supporting Files */,
			);
			path = thirdSurvey;
			sourceTree = "<group>";
		};
		D05920721B5EC11D002CCAC5 /* Supporting Files */ = {
			isa = PBXGroup;
			children = (
				D05920731B5EC11D002CCAC5 /* Info.plist */,
			);
			name = "Supporting Files";
			sourceTree = "<group>";
		};
		D059208A1B5EC11D002CCAC5 /* thirdSurveyTests */ = {
			isa = PBXGroup;
			children = (
				D059208D1B5EC11D002CCAC5 /* thirdSurveyTests.swift */,
				D059208B1B5EC11D002CCAC5 /* Supporting Files */,
			);
			path = thirdSurveyTests;
			sourceTree = "<group>";
		};
		D059208B1B5EC11D002CCAC5 /* Supporting Files */ = {
			isa = PBXGroup;
			children = (
				D059208C1B5EC11D002CCAC5 /* Info.plist */,
			);
			name = "Supporting Files";
			sourceTree = "<group>";
		};
		D059209C1B5EC1E2002CCAC5 /* thirdSurvey WatchKit Extension */ = {
			isa = PBXGroup;
			children = (
				D029C57F1B6286BC0002CCD3 /* thirdSurvey WatchKit Extension.entitlements */,
				D05920A21B5EC1E2002CCAC5 /* NotificationController.swift */,
				D05E80FD1B5FDE8E00A80D3C /* firstInterfaceController.swift */,
				D05E80FF1B5FDE9500A80D3C /* secondInterfaceController.swift */,
				D0C094E21B6165BA00367D60 /* emojis.swift */,
				D05E81011B5FDE9D00A80D3C /* thirdInterfaceController.swift */,
				D01F97AA1B5FE8D7007A7841 /* sixthInterfaceController.swift */,
				D05E81031B5FDEA400A80D3C /* fourthInterfaceController.swift */,
				D05E81051B5FDED000A80D3C /* fifthInterfaceController.swift */,
				D05E81071B5FDEEF00A80D3C /* sendables.swift */,
				D05920A41B5EC1E2002CCAC5 /* GlanceController.swift */,
				D05920A61B5EC1E2002CCAC5 /* Images.xcassets */,
				D059209D1B5EC1E2002CCAC5 /* Supporting Files */,
			);
			path = "thirdSurvey WatchKit Extension";
			sourceTree = "<group>";
		};
		D059209D1B5EC1E2002CCAC5 /* Supporting Files */ = {
			isa = PBXGroup;
			children = (
				D059209E1B5EC1E2002CCAC5 /* Info.plist */,
				D059209F1B5EC1E2002CCAC5 /* PushNotificationPayload.apns */,
			);
			name = "Supporting Files";
			sourceTree = "<group>";
		};
		D05920AE1B5EC1E2002CCAC5 /* thirdSurvey WatchKit App */ = {
			isa = PBXGroup;
			children = (
				D05920B11B5EC1E2002CCAC5 /* Interface.storyboard */,
				D05920B41B5EC1E2002CCAC5 /* Images.xcassets */,
				D05920AF1B5EC1E2002CCAC5 /* Supporting Files */,
			);
			path = "thirdSurvey WatchKit App";
			sourceTree = "<group>";
		};
		D05920AF1B5EC1E2002CCAC5 /* Supporting Files */ = {
			isa = PBXGroup;
			children = (
				D05920B01B5EC1E2002CCAC5 /* Info.plist */,
			);
			name = "Supporting Files";
			sourceTree = "<group>";
		};
/* End PBXGroup section */

/* Begin PBXNativeTarget section */
		D059206E1B5EC11D002CCAC5 /* thirdSurvey */ = {
			isa = PBXNativeTarget;
			buildConfigurationList = D05920911B5EC11D002CCAC5 /* Build configuration list for PBXNativeTarget "thirdSurvey" */;
			buildPhases = (
				D059206B1B5EC11D002CCAC5 /* Sources */,
				D059206C1B5EC11D002CCAC5 /* Frameworks */,
				D059206D1B5EC11D002CCAC5 /* Resources */,
				D05920BF1B5EC1E2002CCAC5 /* Embed App Extensions */,
			);
			buildRules = (
			);
			dependencies = (
				D05920B71B5EC1E2002CCAC5 /* PBXTargetDependency */,
			);
			name = thirdSurvey;
			productName = thirdSurvey;
			productReference = D059206F1B5EC11D002CCAC5 /* thirdSurvey.app */;
			productType = "com.apple.product-type.application";
		};
		D05920861B5EC11D002CCAC5 /* thirdSurveyTests */ = {
			isa = PBXNativeTarget;
			buildConfigurationList = D05920941B5EC11D002CCAC5 /* Build configuration list for PBXNativeTarget "thirdSurveyTests" */;
			buildPhases = (
				D05920831B5EC11D002CCAC5 /* Sources */,
				D05920841B5EC11D002CCAC5 /* Frameworks */,
				D05920851B5EC11D002CCAC5 /* Resources */,
			);
			buildRules = (
			);
			dependencies = (
				D05920891B5EC11D002CCAC5 /* PBXTargetDependency */,
			);
			name = thirdSurveyTests;
			productName = thirdSurveyTests;
			productReference = D05920871B5EC11D002CCAC5 /* thirdSurveyTests.xctest */;
			productType = "com.apple.product-type.bundle.unit-test";
		};
		D059209A1B5EC1E2002CCAC5 /* thirdSurvey WatchKit Extension */ = {
			isa = PBXNativeTarget;
			buildConfigurationList = D05920BC1B5EC1E2002CCAC5 /* Build configuration list for PBXNativeTarget "thirdSurvey WatchKit Extension" */;
			buildPhases = (
				D05920971B5EC1E2002CCAC5 /* Sources */,
				D05920981B5EC1E2002CCAC5 /* Frameworks */,
				D05920991B5EC1E2002CCAC5 /* Resources */,
			);
			buildRules = (
			);
			dependencies = (
				D05920AD1B5EC1E2002CCAC5 /* PBXTargetDependency */,
			);
			name = "thirdSurvey WatchKit Extension";
			productName = "thirdSurvey WatchKit Extension";
			productReference = D059209B1B5EC1E2002CCAC5 /* thirdSurvey WatchKit Extension.appex */;
			productType = "com.apple.product-type.watchkit-extension";
		};
		D05920A91B5EC1E2002CCAC5 /* thirdSurvey WatchKit App */ = {
			isa = PBXNativeTarget;
			buildConfigurationList = D05920B91B5EC1E2002CCAC5 /* Build configuration list for PBXNativeTarget "thirdSurvey WatchKit App" */;
			buildPhases = (
				D05920A81B5EC1E2002CCAC5 /* Resources */,
			);
			buildRules = (
			);
			dependencies = (
			);
			name = "thirdSurvey WatchKit App";
			productName = "thirdSurvey WatchKit App";
			productReference = D05920AA1B5EC1E2002CCAC5 /* thirdSurvey WatchKit App.app */;
			productType = "com.apple.product-type.application.watchapp";
		};
/* End PBXNativeTarget section */

/* Begin PBXProject section */
		D05920671B5EC11D002CCAC5 /* Project object */ = {
			isa = PBXProject;
			attributes = {
				LastSwiftUpdateCheck = 0700;
				LastUpgradeCheck = 0640;
				ORGANIZATIONNAME = "UCB+nikhowlett";
				TargetAttributes = {
					D059206E1B5EC11D002CCAC5 = {
						CreatedOnToolsVersion = 6.4;
						DevelopmentTeam = 8MHBGG6X8S;
						SystemCapabilities = {
							com.apple.ApplicationGroups.iOS = {
								enabled = 1;
							};
							com.apple.BackgroundModes = {
								enabled = 1;
							};
							com.apple.Maps.iOS = {
								enabled = 0;
							};
						};
					};
					D05920861B5EC11D002CCAC5 = {
						CreatedOnToolsVersion = 6.4;
						TestTargetID = D059206E1B5EC11D002CCAC5;
					};
					D059209A1B5EC1E2002CCAC5 = {
						CreatedOnToolsVersion = 6.4;
						DevelopmentTeam = 8MHBGG6X8S;
						SystemCapabilities = {
							com.apple.ApplicationGroups.iOS = {
								enabled = 1;
							};
						};
					};
					D05920A91B5EC1E2002CCAC5 = {
						CreatedOnToolsVersion = 6.4;
						DevelopmentTeam = 8MHBGG6X8S;
					};
				};
			};
			buildConfigurationList = D059206A1B5EC11D002CCAC5 /* Build configuration list for PBXProject "thirdSurvey" */;
			compatibilityVersion = "Xcode 3.2";
			developmentRegion = English;
			hasScannedForEncodings = 0;
			knownRegions = (
				en,
				Base,
			);
			mainGroup = D05920661B5EC11D002CCAC5;
			productRefGroup = D05920701B5EC11D002CCAC5 /* Products */;
			projectDirPath = "";
			projectRoot = "";
			targets = (
				D059206E1B5EC11D002CCAC5 /* thirdSurvey */,
				D05920861B5EC11D002CCAC5 /* thirdSurveyTests */,
				D059209A1B5EC1E2002CCAC5 /* thirdSurvey WatchKit Extension */,
				D05920A91B5EC1E2002CCAC5 /* thirdSurvey WatchKit App */,
			);
		};
/* End PBXProject section */

/* Begin PBXResourcesBuildPhase section */
		D059206D1B5EC11D002CCAC5 /* Resources */ = {
			isa = PBXResourcesBuildPhase;
			buildActionMask = 2147483647;
			files = (
				D059207D1B5EC11D002CCAC5 /* Main.storyboard in Resources */,
				D05920821B5EC11D002CCAC5 /* LaunchScreen.xib in Resources */,
				D059207F1B5EC11D002CCAC5 /* Images.xcassets in Resources */,
			);
			runOnlyForDeploymentPostprocessing = 0;
		};
		D05920851B5EC11D002CCAC5 /* Resources */ = {
			isa = PBXResourcesBuildPhase;
			buildActionMask = 2147483647;
			files = (
			);
			runOnlyForDeploymentPostprocessing = 0;
		};
		D05920991B5EC1E2002CCAC5 /* Resources */ = {
			isa = PBXResourcesBuildPhase;
			buildActionMask = 2147483647;
			files = (
				D05920AB1B5EC1E2002CCAC5 /* thirdSurvey WatchKit App.app in Resources */,
				D05920A71B5EC1E2002CCAC5 /* Images.xcassets in Resources */,
			);
			runOnlyForDeploymentPostprocessing = 0;
		};
		D05920A81B5EC1E2002CCAC5 /* Resources */ = {
			isa = PBXResourcesBuildPhase;
			buildActionMask = 2147483647;
			files = (
				D05920B31B5EC1E2002CCAC5 /* Interface.storyboard in Resources */,
				D05920B51B5EC1E2002CCAC5 /* Images.xcassets in Resources */,
			);
			runOnlyForDeploymentPostprocessing = 0;
		};
/* End PBXResourcesBuildPhase section */

/* Begin PBXSourcesBuildPhase section */
		D059206B1B5EC11D002CCAC5 /* Sources */ = {
			isa = PBXSourcesBuildPhase;
			buildActionMask = 2147483647;
			files = (
				D05920C31B5EC211002CCAC5 /* Session.swift in Sources */,
				D01F97AD1B5FECCC007A7841 /* AttTableViewController.swift in Sources */,
				D029C5811B6294C70002CCD3 /* Activity.swift in Sources */,
				D05920C71B5ECAD0002CCAC5 /* MeetingConfirmationController.swift in Sources */,
				D05E80FC1B5EE68600A80D3C /* AtendeeViewController.swift in Sources */,
				D059207A1B5EC11D002CCAC5 /* ViewController.swift in Sources */,
				D029C5831B62CCE10002CCD3 /* ActivitiesTableViewController.swift in Sources */,
				D01F97AF1B60358E007A7841 /* resultsViewController.swift in Sources */,
				D0C094E11B6133F000367D60 /* Results.swift in Sources */,
				D05920C51B5EC6E2002CCAC5 /* MeetingChoiceController.swift in Sources */,
				D029C57E1B6276290002CCD3 /* ActivityViewController.swift in Sources */,
				D05920751B5EC11D002CCAC5 /* AppDelegate.swift in Sources */,
				D05920C11B5EC203002CCAC5 /* UCBEmployee.swift in Sources */,
				D05920781B5EC11D002CCAC5 /* thirdSurvey.xcdatamodeld in Sources */,
				D05E80FA1B5ED6E400A80D3C /* PresenterViewController.swift in Sources */,
			);
			runOnlyForDeploymentPostprocessing = 0;
		};
		D05920831B5EC11D002CCAC5 /* Sources */ = {
			isa = PBXSourcesBuildPhase;
			buildActionMask = 2147483647;
			files = (
				D059208E1B5EC11D002CCAC5 /* thirdSurveyTests.swift in Sources */,
			);
			runOnlyForDeploymentPostprocessing = 0;
		};
		D05920971B5EC1E2002CCAC5 /* Sources */ = {
			isa = PBXSourcesBuildPhase;
			buildActionMask = 2147483647;
			files = (
				D05E81021B5FDE9D00A80D3C /* thirdInterfaceController.swift in Sources */,
				D05E81001B5FDE9500A80D3C /* secondInterfaceController.swift in Sources */,
				D05920A31B5EC1E2002CCAC5 /* NotificationController.swift in Sources */,
				D01F97AB1B5FE8D7007A7841 /* sixthInterfaceController.swift in Sources */,
				D05E81081B5FDEEF00A80D3C /* sendables.swift in Sources */,
				D05920A51B5EC1E2002CCAC5 /* GlanceController.swift in Sources */,
				D05E81041B5FDEA400A80D3C /* fourthInterfaceController.swift in Sources */,
				D05E80FE1B5FDE8E00A80D3C /* firstInterfaceController.swift in Sources */,
				D0C094E31B6165BA00367D60 /* emojis.swift in Sources */,
				D05E81061B5FDED000A80D3C /* fifthInterfaceController.swift in Sources */,
			);
			runOnlyForDeploymentPostprocessing = 0;
		};
/* End PBXSourcesBuildPhase section */

/* Begin PBXTargetDependency section */
		D05920891B5EC11D002CCAC5 /* PBXTargetDependency */ = {
			isa = PBXTargetDependency;
			target = D059206E1B5EC11D002CCAC5 /* thirdSurvey */;
			targetProxy = D05920881B5EC11D002CCAC5 /* PBXContainerItemProxy */;
		};
		D05920AD1B5EC1E2002CCAC5 /* PBXTargetDependency */ = {
			isa = PBXTargetDependency;
			target = D05920A91B5EC1E2002CCAC5 /* thirdSurvey WatchKit App */;
			targetProxy = D05920AC1B5EC1E2002CCAC5 /* PBXContainerItemProxy */;
		};
		D05920B71B5EC1E2002CCAC5 /* PBXTargetDependency */ = {
			isa = PBXTargetDependency;
			target = D059209A1B5EC1E2002CCAC5 /* thirdSurvey WatchKit Extension */;
			targetProxy = D05920B61B5EC1E2002CCAC5 /* PBXContainerItemProxy */;
		};
/* End PBXTargetDependency section */

/* Begin PBXVariantGroup section */
		D059207B1B5EC11D002CCAC5 /* Main.storyboard */ = {
			isa = PBXVariantGroup;
			children = (
				D059207C1B5EC11D002CCAC5 /* Base */,
			);
			name = Main.storyboard;
			sourceTree = "<group>";
		};
		D05920801B5EC11D002CCAC5 /* LaunchScreen.xib */ = {
			isa = PBXVariantGroup;
			children = (
				D05920811B5EC11D002CCAC5 /* Base */,
			);
			name = LaunchScreen.xib;
			sourceTree = "<group>";
		};
		D05920B11B5EC1E2002CCAC5 /* Interface.storyboard */ = {
			isa = PBXVariantGroup;
			children = (
				D05920B21B5EC1E2002CCAC5 /* Base */,
			);
			name = Interface.storyboard;
			sourceTree = "<group>";
		};
/* End PBXVariantGroup section */

/* Begin XCBuildConfiguration section */
		D059208F1B5EC11D002CCAC5 /* Debug */ = {
			isa = XCBuildConfiguration;
			buildSettings = {
				ALWAYS_SEARCH_USER_PATHS = NO;
				CLANG_CXX_LANGUAGE_STANDARD = "gnu++0x";
				CLANG_CXX_LIBRARY = "libc++";
				CLANG_ENABLE_MODULES = YES;
				CLANG_ENABLE_OBJC_ARC = YES;
				CLANG_WARN_BOOL_CONVERSION = YES;
				CLANG_WARN_CONSTANT_CONVERSION = YES;
				CLANG_WARN_DIRECT_OBJC_ISA_USAGE = YES_ERROR;
				CLANG_WARN_EMPTY_BODY = YES;
				CLANG_WARN_ENUM_CONVERSION = YES;
				CLANG_WARN_INT_CONVERSION = YES;
				CLANG_WARN_OBJC_ROOT_CLASS = YES_ERROR;
				CLANG_WARN_UNREACHABLE_CODE = YES;
				CLANG_WARN__DUPLICATE_METHOD_MATCH = YES;
				"CODE_SIGN_IDENTITY[sdk=iphoneos*]" = "iPhone Developer";
				COPY_PHASE_STRIP = NO;
				DEBUG_INFORMATION_FORMAT = "dwarf-with-dsym";
				ENABLE_STRICT_OBJC_MSGSEND = YES;
				GCC_C_LANGUAGE_STANDARD = gnu99;
				GCC_DYNAMIC_NO_PIC = NO;
				GCC_NO_COMMON_BLOCKS = YES;
				GCC_OPTIMIZATION_LEVEL = 0;
				GCC_PREPROCESSOR_DEFINITIONS = (
					"DEBUG=1",
					"$(inherited)",
				);
				GCC_SYMBOLS_PRIVATE_EXTERN = NO;
				GCC_WARN_64_TO_32_BIT_CONVERSION = YES;
				GCC_WARN_ABOUT_RETURN_TYPE = YES_ERROR;
				GCC_WARN_UNDECLARED_SELECTOR = YES;
				GCC_WARN_UNINITIALIZED_AUTOS = YES_AGGRESSIVE;
				GCC_WARN_UNUSED_FUNCTION = YES;
				GCC_WARN_UNUSED_VARIABLE = YES;
				IPHONEOS_DEPLOYMENT_TARGET = 8.4;
				MTL_ENABLE_DEBUG_INFO = YES;
				ONLY_ACTIVE_ARCH = YES;
				SDKROOT = iphoneos;
				SWIFT_OPTIMIZATION_LEVEL = "-Onone";
				TARGETED_DEVICE_FAMILY = "1,2";
			};
			name = Debug;
		};
		D05920901B5EC11D002CCAC5 /* Release */ = {
			isa = XCBuildConfiguration;
			buildSettings = {
				ALWAYS_SEARCH_USER_PATHS = NO;
				CLANG_CXX_LANGUAGE_STANDARD = "gnu++0x";
				CLANG_CXX_LIBRARY = "libc++";
				CLANG_ENABLE_MODULES = YES;
				CLANG_ENABLE_OBJC_ARC = YES;
				CLANG_WARN_BOOL_CONVERSION = YES;
				CLANG_WARN_CONSTANT_CONVERSION = YES;
				CLANG_WARN_DIRECT_OBJC_ISA_USAGE = YES_ERROR;
				CLANG_WARN_EMPTY_BODY = YES;
				CLANG_WARN_ENUM_CONVERSION = YES;
				CLANG_WARN_INT_CONVERSION = YES;
				CLANG_WARN_OBJC_ROOT_CLASS = YES_ERROR;
				CLANG_WARN_UNREACHABLE_CODE = YES;
				CLANG_WARN__DUPLICATE_METHOD_MATCH = YES;
				"CODE_SIGN_IDENTITY[sdk=iphoneos*]" = "iPhone Developer";
				COPY_PHASE_STRIP = NO;
				DEBUG_INFORMATION_FORMAT = "dwarf-with-dsym";
				ENABLE_NS_ASSERTIONS = NO;
				ENABLE_STRICT_OBJC_MSGSEND = YES;
				GCC_C_LANGUAGE_STANDARD = gnu99;
				GCC_NO_COMMON_BLOCKS = YES;
				GCC_WARN_64_TO_32_BIT_CONVERSION = YES;
				GCC_WARN_ABOUT_RETURN_TYPE = YES_ERROR;
				GCC_WARN_UNDECLARED_SELECTOR = YES;
				GCC_WARN_UNINITIALIZED_AUTOS = YES_AGGRESSIVE;
				GCC_WARN_UNUSED_FUNCTION = YES;
				GCC_WARN_UNUSED_VARIABLE = YES;
				IPHONEOS_DEPLOYMENT_TARGET = 8.4;
				MTL_ENABLE_DEBUG_INFO = NO;
				SDKROOT = iphoneos;
				TARGETED_DEVICE_FAMILY = "1,2";
				VALIDATE_PRODUCT = YES;
			};
			name = Release;
		};
		D05920921B5EC11D002CCAC5 /* Debug */ = {
			isa = XCBuildConfiguration;
			buildSettings = {
				ASSETCATALOG_COMPILER_APPICON_NAME = AppIcon;
				CODE_SIGN_ENTITLEMENTS = thirdSurvey/thirdSurvey.entitlements;
				CODE_SIGN_IDENTITY = "iPhone Developer";
				"CODE_SIGN_IDENTITY[sdk=iphoneos*]" = "iPhone Developer";
				INFOPLIST_FILE = thirdSurvey/Info.plist;
				LD_RUNPATH_SEARCH_PATHS = "$(inherited) @executable_path/Frameworks";
				PRODUCT_NAME = "$(TARGET_NAME)";
				PROVISIONING_PROFILE = "";
			};
			name = Debug;
		};
		D05920931B5EC11D002CCAC5 /* Release */ = {
			isa = XCBuildConfiguration;
			buildSettings = {
				ASSETCATALOG_COMPILER_APPICON_NAME = AppIcon;
				CODE_SIGN_ENTITLEMENTS = thirdSurvey/thirdSurvey.entitlements;
				CODE_SIGN_IDENTITY = "iPhone Developer";
				"CODE_SIGN_IDENTITY[sdk=iphoneos*]" = "iPhone Developer";
				INFOPLIST_FILE = thirdSurvey/Info.plist;
				LD_RUNPATH_SEARCH_PATHS = "$(inherited) @executable_path/Frameworks";
				PRODUCT_NAME = "$(TARGET_NAME)";
				PROVISIONING_PROFILE = "";
			};
			name = Release;
		};
		D05920951B5EC11D002CCAC5 /* Debug */ = {
			isa = XCBuildConfiguration;
			buildSettings = {
				BUNDLE_LOADER = "$(TEST_HOST)";
				FRAMEWORK_SEARCH_PATHS = (
					"$(SDKROOT)/Developer/Library/Frameworks",
					"$(inherited)",
				);
				GCC_PREPROCESSOR_DEFINITIONS = (
					"DEBUG=1",
					"$(inherited)",
				);
				INFOPLIST_FILE = thirdSurveyTests/Info.plist;
				LD_RUNPATH_SEARCH_PATHS = "$(inherited) @executable_path/Frameworks @loader_path/Frameworks";
				PRODUCT_NAME = "$(TARGET_NAME)";
				TEST_HOST = "$(BUILT_PRODUCTS_DIR)/thirdSurvey.app/thirdSurvey";
			};
			name = Debug;
		};
		D05920961B5EC11D002CCAC5 /* Release */ = {
			isa = XCBuildConfiguration;
			buildSettings = {
				BUNDLE_LOADER = "$(TEST_HOST)";
				FRAMEWORK_SEARCH_PATHS = (
					"$(SDKROOT)/Developer/Library/Frameworks",
					"$(inherited)",
				);
				INFOPLIST_FILE = thirdSurveyTests/Info.plist;
				LD_RUNPATH_SEARCH_PATHS = "$(inherited) @executable_path/Frameworks @loader_path/Frameworks";
				PRODUCT_NAME = "$(TARGET_NAME)";
				TEST_HOST = "$(BUILT_PRODUCTS_DIR)/thirdSurvey.app/thirdSurvey";
			};
			name = Release;
		};
		D05920BA1B5EC1E2002CCAC5 /* Debug */ = {
			isa = XCBuildConfiguration;
			buildSettings = {
				ASSETCATALOG_COMPILER_APPICON_NAME = AppIcon;
				CODE_SIGN_IDENTITY = "iPhone Developer";
				"CODE_SIGN_IDENTITY[sdk=iphoneos*]" = "iPhone Developer";
				GCC_PREPROCESSOR_DEFINITIONS = (
					"DEBUG=1",
					"$(inherited)",
				);
				IBSC_MODULE = thirdSurvey_WatchKit_Extension;
				INFOPLIST_FILE = "thirdSurvey WatchKit App/Info.plist";
				IPHONEOS_DEPLOYMENT_TARGET = 8.2;
				PRODUCT_NAME = "$(TARGET_NAME)";
				PROVISIONING_PROFILE = "";
				SKIP_INSTALL = YES;
				TARGETED_DEVICE_FAMILY = 4;
				"TARGETED_DEVICE_FAMILY[sdk=iphonesimulator*]" = "1,4";
			};
			name = Debug;
		};
		D05920BB1B5EC1E2002CCAC5 /* Release */ = {
			isa = XCBuildConfiguration;
			buildSettings = {
				ASSETCATALOG_COMPILER_APPICON_NAME = AppIcon;
				CODE_SIGN_IDENTITY = "iPhone Developer";
				"CODE_SIGN_IDENTITY[sdk=iphoneos*]" = "iPhone Developer";
				IBSC_MODULE = thirdSurvey_WatchKit_Extension;
				INFOPLIST_FILE = "thirdSurvey WatchKit App/Info.plist";
				IPHONEOS_DEPLOYMENT_TARGET = 8.2;
				PRODUCT_NAME = "$(TARGET_NAME)";
				PROVISIONING_PROFILE = "";
				SKIP_INSTALL = YES;
				TARGETED_DEVICE_FAMILY = 4;
				"TARGETED_DEVICE_FAMILY[sdk=iphonesimulator*]" = "1,4";
			};
			name = Release;
		};
		D05920BD1B5EC1E2002CCAC5 /* Debug */ = {
			isa = XCBuildConfiguration;
			buildSettings = {
				CODE_SIGN_ENTITLEMENTS = "thirdSurvey WatchKit Extension/thirdSurvey WatchKit Extension.entitlements";
				CODE_SIGN_IDENTITY = "iPhone Developer";
				"CODE_SIGN_IDENTITY[sdk=iphoneos*]" = "iPhone Developer";
				GCC_PREPROCESSOR_DEFINITIONS = (
					"DEBUG=1",
					"$(inherited)",
				);
				INFOPLIST_FILE = "thirdSurvey WatchKit Extension/Info.plist";
				LD_RUNPATH_SEARCH_PATHS = "$(inherited) @executable_path/Frameworks @executable_path/../../Frameworks";
				PRODUCT_NAME = "${TARGET_NAME}";
				PROVISIONING_PROFILE = "";
				SKIP_INSTALL = YES;
			};
			name = Debug;
		};
		D05920BE1B5EC1E2002CCAC5 /* Release */ = {
			isa = XCBuildConfiguration;
			buildSettings = {
				CODE_SIGN_ENTITLEMENTS = "thirdSurvey WatchKit Extension/thirdSurvey WatchKit Extension.entitlements";
				CODE_SIGN_IDENTITY = "iPhone Developer";
				"CODE_SIGN_IDENTITY[sdk=iphoneos*]" = "iPhone Developer";
				INFOPLIST_FILE = "thirdSurvey WatchKit Extension/Info.plist";
				LD_RUNPATH_SEARCH_PATHS = "$(inherited) @executable_path/Frameworks @executable_path/../../Frameworks";
				PRODUCT_NAME = "${TARGET_NAME}";
				PROVISIONING_PROFILE = "";
				SKIP_INSTALL = YES;
			};
			name = Release;
		};
/* End XCBuildConfiguration section */

/* Begin XCConfigurationList section */
		D059206A1B5EC11D002CCAC5 /* Build configuration list for PBXProject "thirdSurvey" */ = {
			isa = XCConfigurationList;
			buildConfigurations = (
				D059208F1B5EC11D002CCAC5 /* Debug */,
				D05920901B5EC11D002CCAC5 /* Release */,
			);
			defaultConfigurationIsVisible = 0;
			defaultConfigurationName = Release;
		};
		D05920911B5EC11D002CCAC5 /* Build configuration list for PBXNativeTarget "thirdSurvey" */ = {
			isa = XCConfigurationList;
			buildConfigurations = (
				D05920921B5EC11D002CCAC5 /* Debug */,
				D05920931B5EC11D002CCAC5 /* Release */,
			);
			defaultConfigurationIsVisible = 0;
			defaultConfigurationName = Release;
		};
		D05920941B5EC11D002CCAC5 /* Build configuration list for PBXNativeTarget "thirdSurveyTests" */ = {
			isa = XCConfigurationList;
			buildConfigurations = (
				D05920951B5EC11D002CCAC5 /* Debug */,
				D05920961B5EC11D002CCAC5 /* Release */,
			);
			defaultConfigurationIsVisible = 0;
			defaultConfigurationName = Release;
		};
		D05920B91B5EC1E2002CCAC5 /* Build configuration list for PBXNativeTarget "thirdSurvey WatchKit App" */ = {
			isa = XCConfigurationList;
			buildConfigurations = (
				D05920BA1B5EC1E2002CCAC5 /* Debug */,
				D05920BB1B5EC1E2002CCAC5 /* Release */,
			);
			defaultConfigurationIsVisible = 0;
			defaultConfigurationName = Release;
		};
		D05920BC1B5EC1E2002CCAC5 /* Build configuration list for PBXNativeTarget "thirdSurvey WatchKit Extension" */ = {
			isa = XCConfigurationList;
			buildConfigurations = (
				D05920BD1B5EC1E2002CCAC5 /* Debug */,
				D05920BE1B5EC1E2002CCAC5 /* Release */,
			);
			defaultConfigurationIsVisible = 0;
			defaultConfigurationName = Release;
		};
/* End XCConfigurationList section */

/* Begin XCVersionGroup section */
		D05920761B5EC11D002CCAC5 /* thirdSurvey.xcdatamodeld */ = {
			isa = XCVersionGroup;
			children = (
				D05920771B5EC11D002CCAC5 /* thirdSurvey.xcdatamodel */,
			);
			currentVersion = D05920771B5EC11D002CCAC5 /* thirdSurvey.xcdatamodel */;
			path = thirdSurvey.xcdatamodeld;
			sourceTree = "<group>";
			versionGroupType = wrapper.xcdatamodel;
		};
/* End XCVersionGroup section */
	};
	rootObject = D05920671B5EC11D002CCAC5 /* Project object */;
}
